github.com/robfig/cron v0.0.0-20180505203441-b41be1df6967 h1:x7xEyJDP7Hv3LVgvWhzioQqbC/KtuUhTigKlH/8ehhE=
github.com/robfig/cron v0.0.0-20180505203441-b41be1df6967/go.mod h1:JGuDeoQd7Z6yL4zQhZ3OPEVHB7fL6Ka6skscFHfmt2k=
github.com/satori/go.uuid v1.2.0 h1:0uYX9dsZ2yD7q2RtLRtPSdGDWzjeM3TbMJP9utgA0ww=
github.com/satori/go.uuid v1.2.0/go.mod h1:dA0hQrYB0VpLJoorglMZABFdXlWrHn1NEOzdhQKdks0=
